{
    "name": "detection Dark pattern",
    "lockfileVersion": 2,
    "requires": true,
    "packages": {
        "": {
            "dependencies": {
                "wink-eng-lite-model": "https://github.com/winkjs/wink-eng-lite-model/releases/download/1.3.1/wink-eng-lite-model-1.3.1.tgz",
                "wink-nlp": "^1.12.0",
                "wink-porter2-stemmer": "^2.0.1",
                "wink-pos-tagger": "^2.2.2"
            },
            "devDependencies": {
                "@types/node": "^18.0.6",
                "@types/wink-pos-tagger": "^2.2.2",
                "rimraf": "^3.0.2",
                "typescript": "^4.7.4"
            }
        },
        "node_modules/@types/node": {
            "version": "18.0.6",
            "resolved": "https://registry.npmjs.org/@types/node/-/node-18.0.6.tgz",
            "integrity": "sha512-/xUq6H2aQm261exT6iZTMifUySEt4GR5KX8eYyY+C4MSNPqSh9oNIP7tz2GLKTlFaiBbgZNxffoR3CVRG+cljw==",
            "dev": true
        },
        "node_modules/@types/wink-pos-tagger": {
            "version": "2.2.2",
            "resolved": "https://registry.npmjs.org/@types/wink-pos-tagger/-/wink-pos-tagger-2.2.2.tgz",
            "integrity": "sha512-Vdr9e5cVQoov4scpTq40LphpZaQYtz1kL61n8BxUX9WheFSBYo8mkKoGYwwOQ2hIAosHLTusguhSkdiDlxCwFw==",
            "dev": true,
            "dependencies": {
                "@types/wink-tokenizer": "*"
            }
        },
        "node_modules/@types/wink-tokenizer": {
            "version": "4.0.3",
            "resolved": "https://registry.npmjs.org/@types/wink-tokenizer/-/wink-tokenizer-4.0.3.tgz",
            "integrity": "sha512-GvScwtp6bpVtq9AmSCFr+xu9EJhw436lNQAIecBpkrWVjR7OImJIHJjdznBeJDe5AmusdUbH16cToV9013QQmA==",
            "dev": true
        },
        "node_modules/balanced-match": {
            "version": "1.0.2",
            "resolved": "https://registry.npmjs.org/balanced-match/-/balanced-match-1.0.2.tgz",
            "integrity": "sha512-3oSeUO0TMV67hN1AmbXsK4yaqU7tjiHlbxRDZOpH0KW9+CeX4bRAaX0Anxt0tx2MrpRpWwQaPwIlISEJhYU5Pw==",
            "dev": true
        },
        "node_modules/brace-expansion": {
            "version": "1.1.11",
            "resolved": "https://registry.npmjs.org/brace-expansion/-/brace-expansion-1.1.11.tgz",
            "integrity": "sha512-iCuPHDFgrHX7H2vEI/5xpz07zSHB00TpugqhmYtVmMO6518mCuRMoOYFldEBl0g187ufozdaHgWKcYFb61qGiA==",
            "dev": true,
            "dependencies": {
                "balanced-match": "^1.0.0",
                "concat-map": "0.0.1"
            }
        },
        "node_modules/concat-map": {
            "version": "0.0.1",
            "resolved": "https://registry.npmjs.org/concat-map/-/concat-map-0.0.1.tgz",
            "integrity": "sha512-/Srv4dswyQNBfohGpz9o6Yb3Gz3SrUDqBH5rTuhGR7ahtlbYKnVxw2bCFMRljaA7EXHaXZ8wsHdodFvbkhKmqg==",
            "dev": true
        },
        "node_modules/emoji-regex": {
            "version": "9.2.2",
            "resolved": "https://registry.npmjs.org/emoji-regex/-/emoji-regex-9.2.2.tgz",
            "integrity": "sha512-L18DaJsXSUk2+42pv8mLs5jJT2hqFkFE4j21wOmgbUqsZ2hL72NsUU785g9RXgo3s0ZNgVl42TiHp3ZtOv/Vyg=="
        },
        "node_modules/fs.realpath": {
            "version": "1.0.0",
            "resolved": "https://registry.npmjs.org/fs.realpath/-/fs.realpath-1.0.0.tgz",
            "integrity": "sha512-OO0pH2lK6a0hZnAdau5ItzHPI6pUlvI7jMVnxUQRtw4owF2wk8lOSabtGDCTP4Ggrg2MbGnWO9X8K1t4+fGMDw==",
            "dev": true
        },
        "node_modules/glob": {
            "version": "7.2.3",
            "resolved": "https://registry.npmjs.org/glob/-/glob-7.2.3.tgz",
            "integrity": "sha512-nFR0zLpU2YCaRxwoCJvL6UvCH2JFyFVIvwTLsIf21AuHlMskA1hhTdk+LlYJtOlYt9v6dvszD2BGRqBL+iQK9Q==",
            "dev": true,
            "dependencies": {
                "fs.realpath": "^1.0.0",
                "inflight": "^1.0.4",
                "inherits": "2",
                "minimatch": "^3.1.1",
                "once": "^1.3.0",
                "path-is-absolute": "^1.0.0"
            },
            "engines": {
                "node": "*"
            },
            "funding": {
                "url": "https://github.com/sponsors/isaacs"
            }
        },
        "node_modules/inflight": {
            "version": "1.0.6",
            "resolved": "https://registry.npmjs.org/inflight/-/inflight-1.0.6.tgz",
            "integrity": "sha512-k92I/b08q4wvFscXCLvqfsHCrjrF7yiXsQuIVvVE7N82W3+aqpzuUdBbfhWcy/FZR3/4IgflMgKLOsvPDrGCJA==",
            "dev": true,
            "dependencies": {
                "once": "^1.3.0",
                "wrappy": "1"
            }
        },
        "node_modules/inherits": {
            "version": "2.0.4",
            "resolved": "https://registry.npmjs.org/inherits/-/inherits-2.0.4.tgz",
            "integrity": "sha512-k/vGaX4/Yla3WzyMCvTQOXYeIHvqOKtnqBduzTHpzpQZzAskKMhZ2K+EnBiSM9zGSoIFeMpXKxa4dYeZIQqewQ==",
            "dev": true
        },
        "node_modules/minimatch": {
            "version": "3.1.2",
            "resolved": "https://registry.npmjs.org/minimatch/-/minimatch-3.1.2.tgz",
            "integrity": "sha512-J7p63hRiAjw1NDEww1W7i37+ByIrOWO5XQQAzZ3VOcL0PNybwpfmV/N05zFAzwQ9USyEcX6t3UO+K5aqBQOIHw==",
            "dev": true,
            "dependencies": {
                "brace-expansion": "^1.1.7"
            },
            "engines": {
                "node": "*"
            }
        },
        "node_modules/once": {
            "version": "1.4.0",
            "resolved": "https://registry.npmjs.org/once/-/once-1.4.0.tgz",
            "integrity": "sha512-lNaJgI+2Q5URQBkccEKHTQOPaXdUxnZZElQTZY0MFUAuaEqe1E+Nyvgdz/aIyNi6Z9MzO5dv1H8n58/GELp3+w==",
            "dev": true,
            "dependencies": {
                "wrappy": "1"
            }
        },
        "node_modules/path-is-absolute": {
            "version": "1.0.1",
            "resolved": "https://registry.npmjs.org/path-is-absolute/-/path-is-absolute-1.0.1.tgz",
            "integrity": "sha512-AVbw3UJ2e9bq64vSaS9Am0fje1Pa8pbGqTTsmXfaIiMpnr5DlDhfJOuLj9Sf95ZPVDAUerDfEk88MPmPe7UCQg==",
            "dev": true,
            "engines": {
                "node": ">=0.10.0"
            }
        },
        "node_modules/rimraf": {
            "version": "3.0.2",
            "resolved": "https://registry.npmjs.org/rimraf/-/rimraf-3.0.2.tgz",
            "integrity": "sha512-JZkJMZkAGFFPP2YqXZXPbMlMBgsxzE8ILs4lMIX/2o0L9UBw9O/Y3o6wFw/i9YLapcUJWwqbi3kdxIPdC62TIA==",
            "dev": true,
            "dependencies": {
                "glob": "^7.1.3"
            },
            "bin": {
                "rimraf": "bin.js"
            },
            "funding": {
                "url": "https://github.com/sponsors/isaacs"
            }
        },
        "node_modules/typescript": {
            "version": "4.7.4",
            "resolved": "https://registry.npmjs.org/typescript/-/typescript-4.7.4.tgz",
            "integrity": "sha512-C0WQT0gezHuw6AdY1M2jxUO83Rjf0HP7Sk1DtXj6j1EwkQNZrHAg2XPWlq62oqEhYvONq5pkC2Y9oPljWToLmQ==",
            "dev": true,
            "bin": {
                "tsc": "bin/tsc",
                "tsserver": "bin/tsserver"
            },
            "engines": {
                "node": ">=4.2.0"
            }
        },
        "node_modules/wink-eng-lite-model": {
            "version": "1.3.1",
            "resolved": "https://github.com/winkjs/wink-eng-lite-model/releases/download/1.3.1/wink-eng-lite-model-1.3.1.tgz",
            "integrity": "sha512-kJsretKdSxqz7QATgd1YBzu0bY4sEoCCSEVb81T9Cah2qLSEWB/nfTFuJNu8T+SkrRFH4e6rY/hscwWGv80Klw==",
            "license": "MIT"
        },
        "node_modules/wink-helpers": {
            "version": "2.0.0",
            "resolved": "https://registry.npmjs.org/wink-helpers/-/wink-helpers-2.0.0.tgz",
            "integrity": "sha512-I/ZzXrHcNRXuoeFJmp2vMVqDI6UCK02Tds1WP4kSGAmx520gjL1BObVzF7d2ps24tyHIly9ngdB2jwhlFUjPvg=="
        },
        "node_modules/wink-lemmatizer": {
            "version": "3.0.2",
            "resolved": "https://registry.npmjs.org/wink-lemmatizer/-/wink-lemmatizer-3.0.2.tgz",
            "integrity": "sha512-0G572wdcujnRfpjSKs2lDXjA2+8APzkQu+gsREzzOjqg39C1ACE912veMwx2onlbYfUifsZRVaLZUOXjsHFVzA==",
            "dependencies": {
                "wink-lexicon": "^2.1.2",
                "wink-porter2-stemmer": "^2.0.0"
            }
        },
        "node_modules/wink-lexicon": {
            "version": "2.1.2",
            "resolved": "https://registry.npmjs.org/wink-lexicon/-/wink-lexicon-2.1.2.tgz",
            "integrity": "sha512-LUIVIKNIURMHN38leZXWP+ZE0b1jWUdGDHfgV6kmPSHy2AqwHS/n8xGADRsfJxJamLb6BwQY713/w2XnWYk/HQ=="
        },
        "node_modules/wink-nlp": {
            "version": "1.12.0",
            "resolved": "https://registry.npmjs.org/wink-nlp/-/wink-nlp-1.12.0.tgz",
            "integrity": "sha512-HwP1rVGJ+IfkC7naeKCRnhjXNO9vhHCuIYeunFIO8MutXUD4yLkkjwwGM8J+apfWdUogopbcHyPRIPvUQdRheQ=="
        },
        "node_modules/wink-porter2-stemmer": {
            "version": "2.0.1",
            "resolved": "https://registry.npmjs.org/wink-porter2-stemmer/-/wink-porter2-stemmer-2.0.1.tgz",
            "integrity": "sha512-0g+RkkqhRXFmSpJQStVXW5N/WsshWpJXsoDRW7DwVkGI2uDT6IBCoq3xdH5p6IHLaC6ygk7RWUsUx4alKxoagQ=="
        },
        "node_modules/wink-pos-tagger": {
            "version": "2.2.2",
            "resolved": "https://registry.npmjs.org/wink-pos-tagger/-/wink-pos-tagger-2.2.2.tgz",
            "integrity": "sha512-+bhkwqwwChqWR75ksFKVJZQagwu404UmnvFjxr+OWZ02/ZJAv19N/iqDpMeYRQRxatk5N+W9pXIKEDJsVrzGyw==",
            "dependencies": {
                "wink-helpers": "^2.0.0",
                "wink-lemmatizer": "^3.0.1",
                "wink-lexicon": "^2.1.1",
                "wink-porter2-stemmer": "^2.0.0",
                "wink-tokenizer": "^5.2.1"
            }
        },
        "node_modules/wink-tokenizer": {
            "version": "5.3.0",
            "resolved": "https://registry.npmjs.org/wink-tokenizer/-/wink-tokenizer-5.3.0.tgz",
            "integrity": "sha512-O/yAw0g3FmSgeeQuYAJJfP7fVPB4A6ay0018qASh79aWmIOyPYy4j4r9EQT8xBjicja6lCLvgRVAybmEBaATQA==",
            "dependencies": {
                "emoji-regex": "^9.0.0"
            }
        },
        "node_modules/wrappy": {
            "version": "1.0.2",
            "resolved": "https://registry.npmjs.org/wrappy/-/wrappy-1.0.2.tgz",
            "integrity": "sha512-l4Sp/DRseor9wL6EvV2+TuQn63dMkPjZ/sp9XkghTEbV9KlPS1xUsZ3u7/IQO4wxtcFB4bgpQPRcR3QCvezPcQ==",
            "dev": true
        }
    },
    "dependencies": {
        "@types/node": {
            "version": "18.0.6",
            "resolved": "https://registry.npmjs.org/@types/node/-/node-18.0.6.tgz",
            "integrity": "sha512-/xUq6H2aQm261exT6iZTMifUySEt4GR5KX8eYyY+C4MSNPqSh9oNIP7tz2GLKTlFaiBbgZNxffoR3CVRG+cljw==",
            "dev": true
        },
        "@types/wink-pos-tagger": {
            "version": "2.2.2",
            "resolved": "https://registry.npmjs.org/@types/wink-pos-tagger/-/wink-pos-tagger-2.2.2.tgz",
            "integrity": "sha512-Vdr9e5cVQoov4scpTq40LphpZaQYtz1kL61n8BxUX9WheFSBYo8mkKoGYwwOQ2hIAosHLTusguhSkdiDlxCwFw==",
            "dev": true,
            "requires": {
                "@types/wink-tokenizer": "*"
            }
        },
        "@types/wink-tokenizer": {
            "version": "4.0.3",
            "resolved": "https://registry.npmjs.org/@types/wink-tokenizer/-/wink-tokenizer-4.0.3.tgz",
            "integrity": "sha512-GvScwtp6bpVtq9AmSCFr+xu9EJhw436lNQAIecBpkrWVjR7OImJIHJjdznBeJDe5AmusdUbH16cToV9013QQmA==",
            "dev": true
        },
        "balanced-match": {
            "version": "1.0.2",
            "resolved": "https://registry.npmjs.org/balanced-match/-/balanced-match-1.0.2.tgz",
            "integrity": "sha512-3oSeUO0TMV67hN1AmbXsK4yaqU7tjiHlbxRDZOpH0KW9+CeX4bRAaX0Anxt0tx2MrpRpWwQaPwIlISEJhYU5Pw==",
            "dev": true
        },
        "brace-expansion": {
            "version": "1.1.11",
            "resolved": "https://registry.npmjs.org/brace-expansion/-/brace-expansion-1.1.11.tgz",
            "integrity": "sha512-iCuPHDFgrHX7H2vEI/5xpz07zSHB00TpugqhmYtVmMO6518mCuRMoOYFldEBl0g187ufozdaHgWKcYFb61qGiA==",
            "dev": true,
            "requires": {
                "balanced-match": "^1.0.0",
                "concat-map": "0.0.1"
            }
        },
        "concat-map": {
            "version": "0.0.1",
            "resolved": "https://registry.npmjs.org/concat-map/-/concat-map-0.0.1.tgz",
            "integrity": "sha512-/Srv4dswyQNBfohGpz9o6Yb3Gz3SrUDqBH5rTuhGR7ahtlbYKnVxw2bCFMRljaA7EXHaXZ8wsHdodFvbkhKmqg==",
            "dev": true
        },
        "emoji-regex": {
            "version": "9.2.2",
            "resolved": "https://registry.npmjs.org/emoji-regex/-/emoji-regex-9.2.2.tgz",
            "integrity": "sha512-L18DaJsXSUk2+42pv8mLs5jJT2hqFkFE4j21wOmgbUqsZ2hL72NsUU785g9RXgo3s0ZNgVl42TiHp3ZtOv/Vyg=="
        },
        "fs.realpath": {
            "version": "1.0.0",
            "resolved": "https://registry.npmjs.org/fs.realpath/-/fs.realpath-1.0.0.tgz",
            "integrity": "sha512-OO0pH2lK6a0hZnAdau5ItzHPI6pUlvI7jMVnxUQRtw4owF2wk8lOSabtGDCTP4Ggrg2MbGnWO9X8K1t4+fGMDw==",
            "dev": true
        },
        "glob": {
            "version": "7.2.3",
            "resolved": "https://registry.npmjs.org/glob/-/glob-7.2.3.tgz",
            "integrity": "sha512-nFR0zLpU2YCaRxwoCJvL6UvCH2JFyFVIvwTLsIf21AuHlMskA1hhTdk+LlYJtOlYt9v6dvszD2BGRqBL+iQK9Q==",
            "dev": true,
            "requires": {
                "fs.realpath": "^1.0.0",
                "inflight": "^1.0.4",
                "inherits": "2",
                "minimatch": "^3.1.1",
                "once": "^1.3.0",
                "path-is-absolute": "^1.0.0"
            }
        },
        "inflight": {
            "version": "1.0.6",
            "resolved": "https://registry.npmjs.org/inflight/-/inflight-1.0.6.tgz",
            "integrity": "sha512-k92I/b08q4wvFscXCLvqfsHCrjrF7yiXsQuIVvVE7N82W3+aqpzuUdBbfhWcy/FZR3/4IgflMgKLOsvPDrGCJA==",
            "dev": true,
            "requires": {
                "once": "^1.3.0",
                "wrappy": "1"
            }
        },
        "inherits": {
            "version": "2.0.4",
            "resolved": "https://registry.npmjs.org/inherits/-/inherits-2.0.4.tgz",
            "integrity": "sha512-k/vGaX4/Yla3WzyMCvTQOXYeIHvqOKtnqBduzTHpzpQZzAskKMhZ2K+EnBiSM9zGSoIFeMpXKxa4dYeZIQqewQ==",
            "dev": true
        },
        "minimatch": {
            "version": "3.1.2",
            "resolved": "https://registry.npmjs.org/minimatch/-/minimatch-3.1.2.tgz",
            "integrity": "sha512-J7p63hRiAjw1NDEww1W7i37+ByIrOWO5XQQAzZ3VOcL0PNybwpfmV/N05zFAzwQ9USyEcX6t3UO+K5aqBQOIHw==",
            "dev": true,
            "requires": {
                "brace-expansion": "^1.1.7"
            }
        },
        "once": {
            "version": "1.4.0",
            "resolved": "https://registry.npmjs.org/once/-/once-1.4.0.tgz",
            "integrity": "sha512-lNaJgI+2Q5URQBkccEKHTQOPaXdUxnZZElQTZY0MFUAuaEqe1E+Nyvgdz/aIyNi6Z9MzO5dv1H8n58/GELp3+w==",
            "dev": true,
            "requires": {
                "wrappy": "1"
            }
        },
        "path-is-absolute": {
            "version": "1.0.1",
            "resolved": "https://registry.npmjs.org/path-is-absolute/-/path-is-absolute-1.0.1.tgz",
            "integrity": "sha512-AVbw3UJ2e9bq64vSaS9Am0fje1Pa8pbGqTTsmXfaIiMpnr5DlDhfJOuLj9Sf95ZPVDAUerDfEk88MPmPe7UCQg==",
            "dev": true
        },
        "rimraf": {
            "version": "3.0.2",
            "resolved": "https://registry.npmjs.org/rimraf/-/rimraf-3.0.2.tgz",
            "integrity": "sha512-JZkJMZkAGFFPP2YqXZXPbMlMBgsxzE8ILs4lMIX/2o0L9UBw9O/Y3o6wFw/i9YLapcUJWwqbi3kdxIPdC62TIA==",
            "dev": true,
            "requires": {
                "glob": "^7.1.3"
            }
        },
        "typescript": {
            "version": "4.7.4",
            "resolved": "https://registry.npmjs.org/typescript/-/typescript-4.7.4.tgz",
            "integrity": "sha512-C0WQT0gezHuw6AdY1M2jxUO83Rjf0HP7Sk1DtXj6j1EwkQNZrHAg2XPWlq62oqEhYvONq5pkC2Y9oPljWToLmQ==",
            "dev": true
        },
        "wink-eng-lite-model": {
            "version": "https://github.com/winkjs/wink-eng-lite-model/releases/download/1.3.1/wink-eng-lite-model-1.3.1.tgz",
            "integrity": "sha512-kJsretKdSxqz7QATgd1YBzu0bY4sEoCCSEVb81T9Cah2qLSEWB/nfTFuJNu8T+SkrRFH4e6rY/hscwWGv80Klw=="
        },
        "wink-helpers": {
            "version": "2.0.0",
            "resolved": "https://registry.npmjs.org/wink-helpers/-/wink-helpers-2.0.0.tgz",
            "integrity": "sha512-I/ZzXrHcNRXuoeFJmp2vMVqDI6UCK02Tds1WP4kSGAmx520gjL1BObVzF7d2ps24tyHIly9ngdB2jwhlFUjPvg=="
        },
        "wink-lemmatizer": {
            "version": "3.0.2",
            "resolved": "https://registry.npmjs.org/wink-lemmatizer/-/wink-lemmatizer-3.0.2.tgz",
            "integrity": "sha512-0G572wdcujnRfpjSKs2lDXjA2+8APzkQu+gsREzzOjqg39C1ACE912veMwx2onlbYfUifsZRVaLZUOXjsHFVzA==",
            "requires": {
                "wink-lexicon": "^2.1.2",
                "wink-porter2-stemmer": "^2.0.0"
            }
        },
        "wink-lexicon": {
            "version": "2.1.2",
            "resolved": "https://registry.npmjs.org/wink-lexicon/-/wink-lexicon-2.1.2.tgz",
            "integrity": "sha512-LUIVIKNIURMHN38leZXWP+ZE0b1jWUdGDHfgV6kmPSHy2AqwHS/n8xGADRsfJxJamLb6BwQY713/w2XnWYk/HQ=="
        },
        "wink-nlp": {
            "version": "1.12.0",
            "resolved": "https://registry.npmjs.org/wink-nlp/-/wink-nlp-1.12.0.tgz",
            "integrity": "sha512-HwP1rVGJ+IfkC7naeKCRnhjXNO9vhHCuIYeunFIO8MutXUD4yLkkjwwGM8J+apfWdUogopbcHyPRIPvUQdRheQ=="
        },
        "wink-porter2-stemmer": {
            "version": "2.0.1",
            "resolved": "https://registry.npmjs.org/wink-porter2-stemmer/-/wink-porter2-stemmer-2.0.1.tgz",
            "integrity": "sha512-0g+RkkqhRXFmSpJQStVXW5N/WsshWpJXsoDRW7DwVkGI2uDT6IBCoq3xdH5p6IHLaC6ygk7RWUsUx4alKxoagQ=="
        },
        "wink-pos-tagger": {
            "version": "2.2.2",
            "resolved": "https://registry.npmjs.org/wink-pos-tagger/-/wink-pos-tagger-2.2.2.tgz",
            "integrity": "sha512-+bhkwqwwChqWR75ksFKVJZQagwu404UmnvFjxr+OWZ02/ZJAv19N/iqDpMeYRQRxatk5N+W9pXIKEDJsVrzGyw==",
            "requires": {
                "wink-helpers": "^2.0.0",
                "wink-lemmatizer": "^3.0.1",
                "wink-lexicon": "^2.1.1",
                "wink-porter2-stemmer": "^2.0.0",
                "wink-tokenizer": "^5.2.1"
            }
        },
        "wink-tokenizer": {
            "version": "5.3.0",
            "resolved": "https://registry.npmjs.org/wink-tokenizer/-/wink-tokenizer-5.3.0.tgz",
            "integrity": "sha512-O/yAw0g3FmSgeeQuYAJJfP7fVPB4A6ay0018qASh79aWmIOyPYy4j4r9EQT8xBjicja6lCLvgRVAybmEBaATQA==",
            "requires": {
                "emoji-regex": "^9.0.0"
            }
        },
        "wrappy": {
            "version": "1.0.2",
            "resolved": "https://registry.npmjs.org/wrappy/-/wrappy-1.0.2.tgz",
            "integrity": "sha512-l4Sp/DRseor9wL6EvV2+TuQn63dMkPjZ/sp9XkghTEbV9KlPS1xUsZ3u7/IQO4wxtcFB4bgpQPRcR3QCvezPcQ==",
            "dev": true
        }
    }
}
